
Microsoft Visual Studio Solution File, Format Version 12.00
# Visual Studio 15
Project("{FAE04EC0-301F-11D3-BF4B-00C04F79EFBC}") = "Assembly-CSharp", "Assembly-CSharp.csproj", "{3BB779D5-9BFC-051C-3884-C8894DB6EA1A}"
EndProject
Project("{FAE04EC0-301F-11D3-BF4B-00C04F79EFBC}") = "Assembly-CSharp-Editor", "Assembly-CSharp-Editor.csproj", "{C7D45C95-150F-7ED5-E293-2F993EC76410}"
EndProject
Global
	GlobalSection(SolutionConfigurationPlatforms) = preSolution
		Debug|Any CPU = Debug|Any CPU
		Release|Any CPU = Release|Any CPU
	EndGlobalSection
	GlobalSection(ProjectConfigurationPlatforms) = postSolution
		{3BB779D5-9BFC-051C-3884-C8894DB6EA1A}.Debug|Any CPU.ActiveCfg = Debug|Any CPU
		{3BB779D5-9BFC-051C-3884-C8894DB6EA1A}.Debug|Any CPU.Build.0 = Debug|Any CPU
		{3BB779D5-9BFC-051C-3884-C8894DB6EA1A}.Release|Any CPU.ActiveCfg = Release|Any CPU
		{3BB779D5-9BFC-051C-3884-C8894DB6EA1A}.Release|Any CPU.Build.0 = Release|Any CPU
		{C7D45C95-150F-7ED5-E293-2F993EC76410}.Debug|Any CPU.ActiveCfg = Debug|Any CPU
		{C7D45C95-150F-7ED5-E293-2F993EC76410}.Debug|Any CPU.Build.0 = Debug|Any CPU
		{C7D45C95-150F-7ED5-E293-2F993EC76410}.Release|Any CPU.ActiveCfg = Release|Any CPU
		{C7D45C95-150F-7ED5-E293-2F993EC76410}.Release|Any CPU.Build.0 = Release|Any CPU
	EndGlobalSection
	GlobalSection(SolutionProperties) = preSolution
		HideSolutionNode = FALSE
	EndGlobalSection
EndGlobal
